
Microsoft Visual Studio Solution File, Format Version 12.00
# Visual Studio 15
VisualStudioVersion = 15.0.28010.2026
MinimumVisualStudioVersion = 10.0.40219.1
Project("{8BC9CEB8-8B4A-11D0-8D11-00A0C91BC942}") = "lab2_3", "lab2_3\lab2_3.vcxproj", "{8BCFDFEC-9100-44E5-9870-C07E113EE426}"
EndProject
Global
	GlobalSection(SolutionConfigurationPlatforms) = preSolution
		Debug|x64 = Debug|x64
		Debug|x86 = Debug|x86
		Release|x64 = Release|x64
		Release|x86 = Release|x86
	EndGlobalSection
	GlobalSection(ProjectConfigurationPlatforms) = postSolution
		{8BCFDFEC-9100-44E5-9870-C07E113EE426}.Debug|x64.ActiveCfg = Debug|x64
		{8BCFDFEC-9100-44E5-9870-C07E113EE426}.Debug|x64.Build.0 = Debug|x64
		{8BCFDFEC-9100-44E5-9870-C07E113EE426}.Debug|x86.ActiveCfg = Debug|Win32
		{8BCFDFEC-9100-44E5-9870-C07E113EE426}.Debug|x86.Build.0 = Debug|Win32
		{8BCFDFEC-9100-44E5-9870-C07E113EE426}.Release|x64.ActiveCfg = Release|x64
		{8BCFDFEC-9100-44E5-9870-C07E113EE426}.Release|x64.Build.0 = Release|x64
		{8BCFDFEC-9100-44E5-9870-C07E113EE426}.Release|x86.ActiveCfg = Release|Win32
		{8BCFDFEC-9100-44E5-9870-C07E113EE426}.Release|x86.Build.0 = Release|Win32
	EndGlobalSection
	GlobalSection(SolutionProperties) = preSolution
		HideSolutionNode = FALSE
	EndGlobalSection
	GlobalSection(ExtensibilityGlobals) = postSolution
		SolutionGuid = {3558E60B-493B-44B0-B992-FFD1D9F2D882}
	EndGlobalSection
EndGlobal
